
Microsoft Visual Studio Solution File, Format Version 12.00
# Visual Studio 14
VisualStudioVersion = 14.0.24720.0
MinimumVisualStudioVersion = 10.0.40219.1
Project("{FAE04EC0-301F-11D3-BF4B-00C04F79EFBC}") = "TheTrainModule", "TheTrainModule\TheTrainModule.csproj", "{B7658CE0-0CEF-4A88-88EC-6A055DB29DCE}"
EndProject
Global
	GlobalSection(SolutionConfigurationPlatforms) = preSolution
		Debug|Any CPU = Debug|Any CPU
		Release|Any CPU = Release|Any CPU
	EndGlobalSection
	GlobalSection(ProjectConfigurationPlatforms) = postSolution
		{B7658CE0-0CEF-4A88-88EC-6A055DB29DCE}.Debug|Any CPU.ActiveCfg = Debug|Any CPU
		{B7658CE0-0CEF-4A88-88EC-6A055DB29DCE}.Debug|Any CPU.Build.0 = Debug|Any CPU
		{B7658CE0-0CEF-4A88-88EC-6A055DB29DCE}.Release|Any CPU.ActiveCfg = Release|Any CPU
		{B7658CE0-0CEF-4A88-88EC-6A055DB29DCE}.Release|Any CPU.Build.0 = Release|Any CPU
	EndGlobalSection
	GlobalSection(SolutionProperties) = preSolution
		HideSolutionNode = FALSE
	EndGlobalSection
EndGlobal
